
Microsoft Visual Studio Solution File, Format Version 12.00
# Visual Studio 15
VisualStudioVersion = 15.0.26124.0
MinimumVisualStudioVersion = 15.0.26124.0
Project("{FAE04EC0-301F-11D3-BF4B-00C04F79EFBC}") = "R5T.Marathon.Standard.Construction", "R5T.Marathon.Standard.Construction\R5T.Marathon.Standard.Construction.csproj", "{C36A6231-B569-4F2D-9ECF-B3F493C530D9}"
EndProject
Project("{FAE04EC0-301F-11D3-BF4B-00C04F79EFBC}") = "R5T.Marathon.Standard", "R5T.Marathon.Standard\R5T.Marathon.Standard.csproj", "{C9ACC94D-80A1-4F7C-86BD-098E353FF57C}"
EndProject
Project("{FAE04EC0-301F-11D3-BF4B-00C04F79EFBC}") = "R5T.Marathon.Standard.Testing", "R5T.Marathon.Standard.Testing\R5T.Marathon.Standard.Testing.csproj", "{3276E45B-26AA-4043-98DC-6244A8BF7FA8}"
EndProject
Global
	GlobalSection(SolutionConfigurationPlatforms) = preSolution
		Debug|Any CPU = Debug|Any CPU
		Debug|x64 = Debug|x64
		Debug|x86 = Debug|x86
		Release|Any CPU = Release|Any CPU
		Release|x64 = Release|x64
		Release|x86 = Release|x86
	EndGlobalSection
	GlobalSection(SolutionProperties) = preSolution
		HideSolutionNode = FALSE
	EndGlobalSection
	GlobalSection(ProjectConfigurationPlatforms) = postSolution
		{C36A6231-B569-4F2D-9ECF-B3F493C530D9}.Debug|Any CPU.ActiveCfg = Debug|Any CPU
		{C36A6231-B569-4F2D-9ECF-B3F493C530D9}.Debug|Any CPU.Build.0 = Debug|Any CPU
		{C36A6231-B569-4F2D-9ECF-B3F493C530D9}.Debug|x64.ActiveCfg = Debug|Any CPU
		{C36A6231-B569-4F2D-9ECF-B3F493C530D9}.Debug|x64.Build.0 = Debug|Any CPU
		{C36A6231-B569-4F2D-9ECF-B3F493C530D9}.Debug|x86.ActiveCfg = Debug|Any CPU
		{C36A6231-B569-4F2D-9ECF-B3F493C530D9}.Debug|x86.Build.0 = Debug|Any CPU
		{C36A6231-B569-4F2D-9ECF-B3F493C530D9}.Release|Any CPU.ActiveCfg = Release|Any CPU
		{C36A6231-B569-4F2D-9ECF-B3F493C530D9}.Release|Any CPU.Build.0 = Release|Any CPU
		{C36A6231-B569-4F2D-9ECF-B3F493C530D9}.Release|x64.ActiveCfg = Release|Any CPU
		{C36A6231-B569-4F2D-9ECF-B3F493C530D9}.Release|x64.Build.0 = Release|Any CPU
		{C36A6231-B569-4F2D-9ECF-B3F493C530D9}.Release|x86.ActiveCfg = Release|Any CPU
		{C36A6231-B569-4F2D-9ECF-B3F493C530D9}.Release|x86.Build.0 = Release|Any CPU
		{C9ACC94D-80A1-4F7C-86BD-098E353FF57C}.Debug|Any CPU.ActiveCfg = Debug|Any CPU
		{C9ACC94D-80A1-4F7C-86BD-098E353FF57C}.Debug|Any CPU.Build.0 = Debug|Any CPU
		{C9ACC94D-80A1-4F7C-86BD-098E353FF57C}.Debug|x64.ActiveCfg = Debug|Any CPU
		{C9ACC94D-80A1-4F7C-86BD-098E353FF57C}.Debug|x64.Build.0 = Debug|Any CPU
		{C9ACC94D-80A1-4F7C-86BD-098E353FF57C}.Debug|x86.ActiveCfg = Debug|Any CPU
		{C9ACC94D-80A1-4F7C-86BD-098E353FF57C}.Debug|x86.Build.0 = Debug|Any CPU
		{C9ACC94D-80A1-4F7C-86BD-098E353FF57C}.Release|Any CPU.ActiveCfg = Release|Any CPU
		{C9ACC94D-80A1-4F7C-86BD-098E353FF57C}.Release|Any CPU.Build.0 = Release|Any CPU
		{C9ACC94D-80A1-4F7C-86BD-098E353FF57C}.Release|x64.ActiveCfg = Release|Any CPU
		{C9ACC94D-80A1-4F7C-86BD-098E353FF57C}.Release|x64.Build.0 = Release|Any CPU
		{C9ACC94D-80A1-4F7C-86BD-098E353FF57C}.Release|x86.ActiveCfg = Release|Any CPU
		{C9ACC94D-80A1-4F7C-86BD-098E353FF57C}.Release|x86.Build.0 = Release|Any CPU
		{3276E45B-26AA-4043-98DC-6244A8BF7FA8}.Debug|Any CPU.ActiveCfg = Debug|Any CPU
		{3276E45B-26AA-4043-98DC-6244A8BF7FA8}.Debug|Any CPU.Build.0 = Debug|Any CPU
		{3276E45B-26AA-4043-98DC-6244A8BF7FA8}.Debug|x64.ActiveCfg = Debug|Any CPU
		{3276E45B-26AA-4043-98DC-6244A8BF7FA8}.Debug|x64.Build.0 = Debug|Any CPU
		{3276E45B-26AA-4043-98DC-6244A8BF7FA8}.Debug|x86.ActiveCfg = Debug|Any CPU
		{3276E45B-26AA-4043-98DC-6244A8BF7FA8}.Debug|x86.Build.0 = Debug|Any CPU
		{3276E45B-26AA-4043-98DC-6244A8BF7FA8}.Release|Any CPU.ActiveCfg = Release|Any CPU
		{3276E45B-26AA-4043-98DC-6244A8BF7FA8}.Release|Any CPU.Build.0 = Release|Any CPU
		{3276E45B-26AA-4043-98DC-6244A8BF7FA8}.Release|x64.ActiveCfg = Release|Any CPU
		{3276E45B-26AA-4043-98DC-6244A8BF7FA8}.Release|x64.Build.0 = Release|Any CPU
		{3276E45B-26AA-4043-98DC-6244A8BF7FA8}.Release|x86.ActiveCfg = Release|Any CPU
		{3276E45B-26AA-4043-98DC-6244A8BF7FA8}.Release|x86.Build.0 = Release|Any CPU
	EndGlobalSection
EndGlobal
